{
  "requires": true,
  "lockfileVersion": 1,
  "dependencies": {
    "elasticsearch-browser": {
      "version": "16.7.1",
      "resolved": "https://registry.npmjs.org/elasticsearch-browser/-/elasticsearch-browser-16.7.1.tgz",
      "integrity": "sha512-3aajCu13z/BjMRn8M3y5hr5TAL2oPu5sEDcl9gBWdZsIhNi860AloDYawZeL9Pv5tmNwYrqXqrI+d32rYy6W1A=="
    }
  }
}
